
Microsoft Visual Studio Solution File, Format Version 12.00
# Visual Studio 15
VisualStudioVersion = 15.0.28010.2036
MinimumVisualStudioVersion = 10.0.40219.1
Project("{9A19103F-16F7-4668-BE54-9A1E7A4F7556}") = "UserStoryEditor.WebApi", "UserStoryEditor.WebApi\UserStoryEditor.WebApi.csproj", "{18776AFF-49D1-4195-B21D-875D16DE3DC4}"
EndProject
Project("{9A19103F-16F7-4668-BE54-9A1E7A4F7556}") = "UserStoryEditor.Core", "UserStoryEditor.Core\UserStoryEditor.Core.csproj", "{8C8ACD01-E84C-40A4-B101-AD4AB589D73B}"
EndProject
Project("{FAE04EC0-301F-11D3-BF4B-00C04F79EFBC}") = "UserStoryEditor.Core.Facts", "UserStoryEditor.Core.Facts\UserStoryEditor.Core.Facts.csproj", "{E6B957FE-326C-42EB-90CD-9B59FBA832E5}"
EndProject
Project("{FAE04EC0-301F-11D3-BF4B-00C04F79EFBC}") = "UserStoryEditor.Core.Specs", "UserStoryEditor.Core.Specs\UserStoryEditor.Core.Specs.csproj", "{E531334C-36A0-44D4-93DE-9B49E65A56A3}"
EndProject
Global
	GlobalSection(SolutionConfigurationPlatforms) = preSolution
		Debug|Any CPU = Debug|Any CPU
		Release|Any CPU = Release|Any CPU
	EndGlobalSection
	GlobalSection(ProjectConfigurationPlatforms) = postSolution
		{18776AFF-49D1-4195-B21D-875D16DE3DC4}.Debug|Any CPU.ActiveCfg = Debug|Any CPU
		{18776AFF-49D1-4195-B21D-875D16DE3DC4}.Debug|Any CPU.Build.0 = Debug|Any CPU
		{18776AFF-49D1-4195-B21D-875D16DE3DC4}.Release|Any CPU.ActiveCfg = Release|Any CPU
		{18776AFF-49D1-4195-B21D-875D16DE3DC4}.Release|Any CPU.Build.0 = Release|Any CPU
		{8C8ACD01-E84C-40A4-B101-AD4AB589D73B}.Debug|Any CPU.ActiveCfg = Debug|Any CPU
		{8C8ACD01-E84C-40A4-B101-AD4AB589D73B}.Debug|Any CPU.Build.0 = Debug|Any CPU
		{8C8ACD01-E84C-40A4-B101-AD4AB589D73B}.Release|Any CPU.ActiveCfg = Release|Any CPU
		{8C8ACD01-E84C-40A4-B101-AD4AB589D73B}.Release|Any CPU.Build.0 = Release|Any CPU
		{E6B957FE-326C-42EB-90CD-9B59FBA832E5}.Debug|Any CPU.ActiveCfg = Debug|Any CPU
		{E6B957FE-326C-42EB-90CD-9B59FBA832E5}.Debug|Any CPU.Build.0 = Debug|Any CPU
		{E6B957FE-326C-42EB-90CD-9B59FBA832E5}.Release|Any CPU.ActiveCfg = Release|Any CPU
		{E6B957FE-326C-42EB-90CD-9B59FBA832E5}.Release|Any CPU.Build.0 = Release|Any CPU
		{E531334C-36A0-44D4-93DE-9B49E65A56A3}.Debug|Any CPU.ActiveCfg = Debug|Any CPU
		{E531334C-36A0-44D4-93DE-9B49E65A56A3}.Debug|Any CPU.Build.0 = Debug|Any CPU
		{E531334C-36A0-44D4-93DE-9B49E65A56A3}.Release|Any CPU.ActiveCfg = Release|Any CPU
		{E531334C-36A0-44D4-93DE-9B49E65A56A3}.Release|Any CPU.Build.0 = Release|Any CPU
	EndGlobalSection
	GlobalSection(SolutionProperties) = preSolution
		HideSolutionNode = FALSE
	EndGlobalSection
	GlobalSection(ExtensibilityGlobals) = postSolution
		SolutionGuid = {25957296-D2AC-4CD6-80A1-4C64C70F4CC9}
	EndGlobalSection
EndGlobal
